
Microsoft Visual Studio Solution File, Format Version 12.00
# Visual Studio Version 17
VisualStudioVersion = 17.5.002.0
MinimumVisualStudioVersion = 10.0.40219.1
Project("{9A19103F-16F7-4668-BE54-9A1E7A4F7556}") = "ScreenTest", "ScreenTest.csproj", "{10CA4E21-7A42-4B80-9FE2-A270C82C611D}"
EndProject
Global
	GlobalSection(SolutionConfigurationPlatforms) = preSolution
		Debug|Any CPU = Debug|Any CPU
		Release|Any CPU = Release|Any CPU
	EndGlobalSection
	GlobalSection(ProjectConfigurationPlatforms) = postSolution
		{10CA4E21-7A42-4B80-9FE2-A270C82C611D}.Debug|Any CPU.ActiveCfg = Debug|Any CPU
		{10CA4E21-7A42-4B80-9FE2-A270C82C611D}.Debug|Any CPU.Build.0 = Debug|Any CPU
		{10CA4E21-7A42-4B80-9FE2-A270C82C611D}.Release|Any CPU.ActiveCfg = Release|Any CPU
		{10CA4E21-7A42-4B80-9FE2-A270C82C611D}.Release|Any CPU.Build.0 = Release|Any CPU
	EndGlobalSection
	GlobalSection(SolutionProperties) = preSolution
		HideSolutionNode = FALSE
	EndGlobalSection
	GlobalSection(ExtensibilityGlobals) = postSolution
		SolutionGuid = {8EF10BD1-438B-4557-AFD7-CF71D8EA6E66}
	EndGlobalSection
EndGlobal
